
Microsoft Visual Studio Solution File, Format Version 12.00
# Visual Studio Version 18
VisualStudioVersion = 18.3.11520.95
MinimumVisualStudioVersion = 10.0.40219.1
Project("{FAE04EC0-301F-11D3-BF4B-00C04F79EFBC}") = "WebApplication909", "WebApplication909\WebApplication909.csproj", "{2C9ADF72-3652-480B-A6D4-9D785E11DCCC}"
EndProject
Project("{2150E333-8FDC-42A3-9474-1A3956D46DE8}") = "Solution Items", "Solution Items", "{3C8C2906-0E00-437E-A2D6-F5176EA26E26}"
	ProjectSection(SolutionItems) = preProject
		.editorconfig = .editorconfig
	EndProjectSection
EndProject
Project("{FAE04EC0-301F-11D3-BF4B-00C04F79EFBC}") = "OnlineShop.Db", "OnlineShop.Db\OnlineShop.Db.csproj", "{85C8ABD7-F9E9-4FBA-85BC-27912FB5A866}"
EndProject
Global
	GlobalSection(SolutionConfigurationPlatforms) = preSolution
		Debug|Any CPU = Debug|Any CPU
		Release|Any CPU = Release|Any CPU
	EndGlobalSection
	GlobalSection(ProjectConfigurationPlatforms) = postSolution
		{2C9ADF72-3652-480B-A6D4-9D785E11DCCC}.Debug|Any CPU.ActiveCfg = Debug|Any CPU
		{2C9ADF72-3652-480B-A6D4-9D785E11DCCC}.Debug|Any CPU.Build.0 = Debug|Any CPU
		{2C9ADF72-3652-480B-A6D4-9D785E11DCCC}.Release|Any CPU.ActiveCfg = Release|Any CPU
		{2C9ADF72-3652-480B-A6D4-9D785E11DCCC}.Release|Any CPU.Build.0 = Release|Any CPU
		{85C8ABD7-F9E9-4FBA-85BC-27912FB5A866}.Debug|Any CPU.ActiveCfg = Debug|Any CPU
		{85C8ABD7-F9E9-4FBA-85BC-27912FB5A866}.Debug|Any CPU.Build.0 = Debug|Any CPU
		{85C8ABD7-F9E9-4FBA-85BC-27912FB5A866}.Release|Any CPU.ActiveCfg = Release|Any CPU
		{85C8ABD7-F9E9-4FBA-85BC-27912FB5A866}.Release|Any CPU.Build.0 = Release|Any CPU
	EndGlobalSection
	GlobalSection(SolutionProperties) = preSolution
		HideSolutionNode = FALSE
	EndGlobalSection
	GlobalSection(ExtensibilityGlobals) = postSolution
		SolutionGuid = {9F184259-44F5-47E3-9F98-1CD2D278A141}
	EndGlobalSection
EndGlobal
